
Microsoft Visual Studio Solution File, Format Version 12.00
# Visual Studio Version 16
VisualStudioVersion = 16.0.31702.278
MinimumVisualStudioVersion = 10.0.40219.1
Project("{FAE04EC0-301F-11D3-BF4B-00C04F79EFBC}") = "LoadBalancer", "LoadBalancer.csproj", "{45CDAE0A-B1A0-4AC6-BD86-BA3DFB884CE2}"
EndProject
Global
	GlobalSection(SolutionConfigurationPlatforms) = preSolution
		Debug|Any CPU = Debug|Any CPU
		Release|Any CPU = Release|Any CPU
	EndGlobalSection
	GlobalSection(ProjectConfigurationPlatforms) = postSolution
		{45CDAE0A-B1A0-4AC6-BD86-BA3DFB884CE2}.Debug|Any CPU.ActiveCfg = Debug|Any CPU
		{45CDAE0A-B1A0-4AC6-BD86-BA3DFB884CE2}.Debug|Any CPU.Build.0 = Debug|Any CPU
		{45CDAE0A-B1A0-4AC6-BD86-BA3DFB884CE2}.Release|Any CPU.ActiveCfg = Release|Any CPU
		{45CDAE0A-B1A0-4AC6-BD86-BA3DFB884CE2}.Release|Any CPU.Build.0 = Release|Any CPU
	EndGlobalSection
	GlobalSection(SolutionProperties) = preSolution
		HideSolutionNode = FALSE
	EndGlobalSection
	GlobalSection(ExtensibilityGlobals) = postSolution
		SolutionGuid = {B20BE927-4913-46D3-B3C6-5930D1110769}
	EndGlobalSection
EndGlobal
